
Microsoft Visual Studio Solution File, Format Version 12.00
# Visual Studio Version 17
VisualStudioVersion = 17.4.33213.308
MinimumVisualStudioVersion = 10.0.40219.1
Project("{FAE04EC0-301F-11D3-BF4B-00C04F79EFBC}") = "9", "9\9.csproj", "{71311EA2-26FB-4FB7-B24B-C74769C97E19}"
EndProject
Global
	GlobalSection(SolutionConfigurationPlatforms) = preSolution
		Debug|Any CPU = Debug|Any CPU
		Release|Any CPU = Release|Any CPU
	EndGlobalSection
	GlobalSection(ProjectConfigurationPlatforms) = postSolution
		{71311EA2-26FB-4FB7-B24B-C74769C97E19}.Debug|Any CPU.ActiveCfg = Debug|Any CPU
		{71311EA2-26FB-4FB7-B24B-C74769C97E19}.Debug|Any CPU.Build.0 = Debug|Any CPU
		{71311EA2-26FB-4FB7-B24B-C74769C97E19}.Release|Any CPU.ActiveCfg = Release|Any CPU
		{71311EA2-26FB-4FB7-B24B-C74769C97E19}.Release|Any CPU.Build.0 = Release|Any CPU
	EndGlobalSection
	GlobalSection(SolutionProperties) = preSolution
		HideSolutionNode = FALSE
	EndGlobalSection
	GlobalSection(ExtensibilityGlobals) = postSolution
		SolutionGuid = {C5FA9C62-F435-4730-A9AE-952B63DCEB57}
	EndGlobalSection
EndGlobal
